
Microsoft Visual Studio Solution File, Format Version 11.00
# Visual C++ Express 2010
Project("{8BC9CEB8-8B4A-11D0-8D11-00A0C91BC942}") = "wd", "wd\wd.vcxproj", "{9423C4AC-D5A5-432F-BAE1-B6C627079E50}"
EndProject
Global
	GlobalSection(SolutionConfigurationPlatforms) = preSolution
		Debug|Win32 = Debug|Win32
		Release|Win32 = Release|Win32
	EndGlobalSection
	GlobalSection(ProjectConfigurationPlatforms) = postSolution
		{9423C4AC-D5A5-432F-BAE1-B6C627079E50}.Debug|Win32.ActiveCfg = Debug|Win32
		{9423C4AC-D5A5-432F-BAE1-B6C627079E50}.Debug|Win32.Build.0 = Debug|Win32
		{9423C4AC-D5A5-432F-BAE1-B6C627079E50}.Release|Win32.ActiveCfg = Release|Win32
		{9423C4AC-D5A5-432F-BAE1-B6C627079E50}.Release|Win32.Build.0 = Release|Win32
	EndGlobalSection
	GlobalSection(SolutionProperties) = preSolution
		HideSolutionNode = FALSE
	EndGlobalSection
EndGlobal
